
Microsoft Visual Studio Solution File, Format Version 12.00
# Visual Studio Version 16
VisualStudioVersion = 16.0.29306.81
MinimumVisualStudioVersion = 10.0.40219.1
Project("{9A19103F-16F7-4668-BE54-9A1E7A4F7556}") = "JsonAutoService", "JsonAutoService.csproj", "{91824C25-FE73-4701-8E68-318005A9A4C5}"
EndProject
Project("{FAE04EC0-301F-11D3-BF4B-00C04F79EFBC}") = "JsonAutoServiceQA", "..\JsonAutoServiceQA\JsonAutoServiceQA.csproj", "{C32272D5-20A3-4226-A868-01803E5B438E}"
EndProject
Global
	GlobalSection(SolutionConfigurationPlatforms) = preSolution
		Debug|Any CPU = Debug|Any CPU
		Release|Any CPU = Release|Any CPU
	EndGlobalSection
	GlobalSection(ProjectConfigurationPlatforms) = postSolution
		{91824C25-FE73-4701-8E68-318005A9A4C5}.Debug|Any CPU.ActiveCfg = Debug|Any CPU
		{91824C25-FE73-4701-8E68-318005A9A4C5}.Debug|Any CPU.Build.0 = Debug|Any CPU
		{91824C25-FE73-4701-8E68-318005A9A4C5}.Release|Any CPU.ActiveCfg = Release|Any CPU
		{91824C25-FE73-4701-8E68-318005A9A4C5}.Release|Any CPU.Build.0 = Release|Any CPU
		{C32272D5-20A3-4226-A868-01803E5B438E}.Debug|Any CPU.ActiveCfg = Debug|Any CPU
		{C32272D5-20A3-4226-A868-01803E5B438E}.Debug|Any CPU.Build.0 = Debug|Any CPU
		{C32272D5-20A3-4226-A868-01803E5B438E}.Release|Any CPU.ActiveCfg = Release|Any CPU
		{C32272D5-20A3-4226-A868-01803E5B438E}.Release|Any CPU.Build.0 = Release|Any CPU
	EndGlobalSection
	GlobalSection(SolutionProperties) = preSolution
		HideSolutionNode = FALSE
	EndGlobalSection
	GlobalSection(ExtensibilityGlobals) = postSolution
		SolutionGuid = {7F0FB025-1A97-427E-A857-00A2D24FF426}
	EndGlobalSection
EndGlobal
