
Microsoft Visual Studio Solution File, Format Version 12.00
# Visual Studio Version 16
VisualStudioVersion = 16.0.29519.87
MinimumVisualStudioVersion = 10.0.40219.1
Project("{9A19103F-16F7-4668-BE54-9A1E7A4F7556}") = "JsonAutoServiceExamples", "JsonAutoServiceExamples.csproj", "{96A6E9A0-239E-4656-AC05-403D62EAF2B3}"
EndProject
Project("{9A19103F-16F7-4668-BE54-9A1E7A4F7556}") = "JsonAutoService", "..\..\src\JsonAutoService\JsonAutoService.csproj", "{941CA4E5-C4B8-4028-8790-6E03CA03276F}"
EndProject
Global
	GlobalSection(SolutionConfigurationPlatforms) = preSolution
		Debug|Any CPU = Debug|Any CPU
		Release|Any CPU = Release|Any CPU
	EndGlobalSection
	GlobalSection(ProjectConfigurationPlatforms) = postSolution
		{96A6E9A0-239E-4656-AC05-403D62EAF2B3}.Debug|Any CPU.ActiveCfg = Debug|Any CPU
		{96A6E9A0-239E-4656-AC05-403D62EAF2B3}.Debug|Any CPU.Build.0 = Debug|Any CPU
		{96A6E9A0-239E-4656-AC05-403D62EAF2B3}.Release|Any CPU.ActiveCfg = Release|Any CPU
		{96A6E9A0-239E-4656-AC05-403D62EAF2B3}.Release|Any CPU.Build.0 = Release|Any CPU
		{941CA4E5-C4B8-4028-8790-6E03CA03276F}.Debug|Any CPU.ActiveCfg = Debug|Any CPU
		{941CA4E5-C4B8-4028-8790-6E03CA03276F}.Debug|Any CPU.Build.0 = Debug|Any CPU
		{941CA4E5-C4B8-4028-8790-6E03CA03276F}.Release|Any CPU.ActiveCfg = Release|Any CPU
		{941CA4E5-C4B8-4028-8790-6E03CA03276F}.Release|Any CPU.Build.0 = Release|Any CPU
	EndGlobalSection
	GlobalSection(SolutionProperties) = preSolution
		HideSolutionNode = FALSE
	EndGlobalSection
	GlobalSection(ExtensibilityGlobals) = postSolution
		SolutionGuid = {003FB02E-C803-4431-8541-3C4E7C1BE7CD}
	EndGlobalSection
EndGlobal
